{
    "_meta": {
        "hash": {
            "sha256": "c7fc8ee364c9e3ec8eaa9da05725286ee6a822842d8b9180a6224972c08804c9"
        },
        "pipfile-spec": 6,
        "requires": {
            "python_version": "3.9"
        },
        "sources": [
            {
                "name": "pypi",
                "url": "https://pypi.org/simple",
                "verify_ssl": true
            }
        ]
    },
    "default": {
        "aiohttp": {
            "hashes": [
                "sha256:0b795072bb1bf87b8620120a6373a3c61bfcb8da7e5c2377f4bb23ff4f0b62c9",
                "sha256:0d438c8ca703b1b714e82ed5b7a4412c82577040dadff479c08405e2a715564f",
                "sha256:16a3cb5df5c56f696234ea9e65e227d1ebe9c18aa774d36ff42f532139066a5f",
                "sha256:1edfd82a98c5161497bbb111b2b70c0813102ad7e0aa81cbeb34e64c93863005",
                "sha256:2406dc1dda01c7f6060ab586e4601f18affb7a6b965c50a8c90ff07569cf782a",
                "sha256:2858b2504c8697beb9357be01dc47ef86438cc1cb36ecb6991796d19475faa3e",
                "sha256:2a7b7640167ab536c3cb90cfc3977c7094f1c5890d7eeede8b273c175c3910fd",
                "sha256:3228b7a51e3ed533f5472f54f70fd0b0a64c48dc1649a0f0e809bec312934d7a",
                "sha256:328b552513d4f95b0a2eea4c8573e112866107227661834652a8984766aa7656",
                "sha256:39f4b0a6ae22a1c567cb0630c30dd082481f95c13ca528dc501a7766b9c718c0",
                "sha256:3b0036c978cbcc4a4512278e98e3e6d9e6b834dc973206162eddf98b586ef1c6",
                "sha256:3ea8c252d8df5e9166bcf3d9edced2af132f4ead8ac422eac723c5781063709a",
                "sha256:41608c0acbe0899c852281978492f9ce2c6fbfaf60aff0cefc54a7c4516b822c",
                "sha256:59d11674964b74a81b149d4ceaff2b674b3b0e4d0f10f0be1533e49c4a28408b",
                "sha256:5e479df4b2d0f8f02133b7e4430098699450e1b2a826438af6bec9a400530957",
                "sha256:684850fb1e3e55c9220aad007f8386d8e3e477c4ec9211ae54d968ecdca8c6f9",
                "sha256:6ccc43d68b81c424e46192a778f97da94ee0630337c9bbe5b2ecc9b0c1c59001",
                "sha256:6d42debaf55450643146fabe4b6817bb2a55b23698b0434107e892a43117285e",
                "sha256:710376bf67d8ff4500a31d0c207b8941ff4fba5de6890a701d71680474fe2a60",
                "sha256:756ae7efddd68d4ea7d89c636b703e14a0c686688d42f588b90778a3c2fc0564",
                "sha256:77149002d9386fae303a4a162e6bce75cc2161347ad2ba06c2f0182561875d45",
                "sha256:78e2f18a82b88cbc37d22365cf8d2b879a492faedb3f2975adb4ed8dfe994d3a",
                "sha256:7d9b42127a6c0bdcc25c3dcf252bb3ddc70454fac593b1b6933ae091396deb13",
                "sha256:8389d6044ee4e2037dca83e3f6994738550f6ee8cfb746762283fad9b932868f",
                "sha256:9c1a81af067e72261c9cbe33ea792893e83bc6aa987bfbd6fdc1e5e7b22777c4",
                "sha256:c1e0920909d916d3375c7a1fdb0b1c78e46170e8bb42792312b6eb6676b2f87f",
                "sha256:c68fdf21c6f3573ae19c7ee65f9ff185649a060c9a06535e9c3a0ee0bbac9235",
                "sha256:c733ef3bdcfe52a1a75564389bad4064352274036e7e234730526d155f04d914",
                "sha256:c9c58b0b84055d8bc27b7df5a9d141df4ee6ff59821f922dd73155861282f6a3",
                "sha256:d03abec50df423b026a5aa09656bd9d37f1e6a49271f123f31f9b8aed5dc3ea3",
                "sha256:d2cfac21e31e841d60dc28c0ec7d4ec47a35c608cb8906435d47ef83ffb22150",
                "sha256:dcc119db14757b0c7bce64042158307b9b1c76471e655751a61b57f5a0e4d78e",
                "sha256:df3a7b258cc230a65245167a202dd07320a5af05f3d41da1488ba0fa05bc9347",
                "sha256:df48a623c58180874d7407b4d9ec06a19b84ed47f60a3884345b1a5099c1818b",
                "sha256:e1b95972a0ae3f248a899cdbac92ba2e01d731225f566569311043ce2226f5e7",
                "sha256:f326b3c1bbfda5b9308252ee0dcb30b612ee92b0e105d4abec70335fab5b1245",
                "sha256:f411cb22115cb15452d099fec0ee636b06cf81bfb40ed9c02d30c8dc2bc2e3d1"
            ],
            "index": "pypi",
            "version": "==3.7.3"
        },
        "aioice": {
            "hashes": [
                "sha256:04b622b62eecc9b5c16ae5040d236b5f34422728ea5ea6f5550bfdf7b0ffef6f",
                "sha256:be3d11c93687e9ee3ce96d619d7f67f1f82ce12e9df4aa3c53b95f0546008358"
            ],
            "version": "==0.7.5"
        },
        "aiortc": {
            "hashes": [
                "sha256:0a529273cb4f840326b526a2ef18a27e1346833309b348802be80c3a5d11d91a",
                "sha256:1525806155a67851bef82d2d6b3087dbd62058c20119111978ca85a98f1695c0",
                "sha256:1de877b7cdbaf88ddf3596b181aa1fb03db7cd83ee85bde313e43b6be50646f6",
                "sha256:2741d62d707d1a4df421b80ffdc08d100a289744270a44e6c9157e84bd2a1f80",
                "sha256:2a276a053f390992f48790ee639decd895c8b3c61a584e007da161a02cd7f920",
                "sha256:31f9ced481bd0281592f69f2d0441e9a549b9aff25937f407be29bb3f862595b",
                "sha256:36d169a6cbfc7e8fb545ea06ec9d8e16867264f5327366a6032adb32559ecc82",
                "sha256:3c4b2cca670e8005636678c7c676cb06366aedbd4c34cb96486f1cb91e72308f",
                "sha256:3d873558fb1b6c783ec91c34a09c967667a0d591331b7172a726cb4c27127c7d",
                "sha256:3dc159f0ab096057956b5e75dadffd77b257d025c8f643913389577b92e7248a",
                "sha256:3e7bf25373bd192677a5c0614873a516887fc70706f2de89bf3122acca90cf96",
                "sha256:4b1737b554ed5626606c26fb56b880640a814bcf847d0118835beb7974d80638",
                "sha256:4f3665df41ef14b91a087e7574a3126399aa55604b9ead9cf34efd36309bd0e2",
                "sha256:58f6ea571afa782386fc4228182defe901ba73aadb01a7e0cacf9f6a761368dc",
                "sha256:5c0a9ce8571c8a546fd13059951022228463526ff9a23bdac40a97c2bd382ad9",
                "sha256:684ea87155f7fe8c548f350294d137b672cee2eac9c64552ea76a65c58f2371b",
                "sha256:6c5e84f785c9063452dada6aa4b4e35d21866170a088d3f105d930b2329960e0",
                "sha256:796a5122de8784491ff550d379adfb2c7fe5d5cbe3160240c07625a18a1583d0",
                "sha256:7d0bdea1601b0c3fe639e2b924b93f77da0af6587abecf10891d6caa94f42e78",
                "sha256:82a5e39a4049dba79d0374a2e0beca18e736ad7a891f5ca8f2c59de757c2d22c",
                "sha256:86a23706269d9911214ee08adc0098452fbc18845d9d409b77c04860c89bb645",
                "sha256:8c5c1a7d7f2d606eda546e8d09a1571bdb6af339f0e1f0e8811488ac3a9aa2ed",
                "sha256:936b936614d85089f3347a4889ffd0a8d8271466e09728a10e71b35cc3f12fee",
                "sha256:97c94a61d92e23af2f988ecc3a2836f88bc628fbbce72d8e5fc51c23d3b1eb4e",
                "sha256:ade1b81d4818ee1001ff070c51a8f2ec0684753ecf94b836bf9b6a29d2da6963",
                "sha256:af306007f7109c62381109007ded48d1e8ac88793876229fd7012f6498e156ea",
                "sha256:b27eefe5aab7677ab5bfee63055738159cb996563edf10e99c743c45ca230df2",
                "sha256:c16604ee75f1dfdcf28ac76b63a44437fa937e426074da21a05296c0601c79d4",
                "sha256:c27da7246e96085a7eb640971042548efac1b6273c2c23c341d640127c45af3e",
                "sha256:c4dc817c98ca7668c6ef42f98a871e53237706f62f55a59efdeadc90de21b885",
                "sha256:c8dab7a0e78f850dd073fca69e1c9647f0d6f7f5f21711986ebb99af185996c6",
                "sha256:d3c7803fe103913edf4e48c051d7eed62d8bad38a73aff366b43c55651142b26",
                "sha256:db0b9c6487f856c69b91fe9ef1d6d8a85598cfc7290ce8f990be119961d8aae8",
                "sha256:e9ec9752c0eedb858cf726dca97f4c8603de965a94a88aa727f5267febfcfc9b",
                "sha256:f1b7ce8134aa56e7e5b41a4aca591129166672a8aaaa1d0f2e4634cfd5054232",
                "sha256:f4a2c482aaa7721403cca02f0d259abbd9f6391b2514cd84832de4a5150c47a0",
                "sha256:f76f3994fac0b414a012d973a23e179cdf073b76070536eeb002134de69711a0"
            ],
            "index": "pypi",
            "version": "==1.1.2"
        },
        "async-timeout": {
            "hashes": [
                "sha256:0c3c816a028d47f659d6ff5c745cb2acf1f966da1fe5c19c77a70282b25f4c5f",
                "sha256:4291ca197d287d274d0b6cb5d6f8f8f82d434ed288f962539ff18cc9012f9ea3"
            ],
            "markers": "python_full_version >= '3.5.3'",
            "version": "==3.0.1"
        },
        "attrs": {
            "hashes": [
                "sha256:31b2eced602aa8423c2aea9c76a724617ed67cf9513173fd3a4f03e3a929c7e6",
                "sha256:832aa3cde19744e49938b91fea06d69ecb9e649c93ba974535d08ad92164f700"
            ],
            "markers": "python_version >= '2.7' and python_version not in '3.0, 3.1, 3.2, 3.3'",
            "version": "==20.3.0"
        },
        "av": {
            "hashes": [
                "sha256:0237ccf790572391981653c5e3bdd8c3205683b4b64f442675d784e4802fd0da",
                "sha256:04b4a04e9fa7b06953aa880d2a6301a9433d018b75274a009f3f40c34d9f3518",
                "sha256:04fc52c1cf988e4173805460774e8e33d8c5e58e96fd83881dc816836f148604",
                "sha256:0622378cb0debcc4b3cea847c6432defb5dd1be09634a5d95a17f5214d6255d0",
                "sha256:0ff1836524c222b306205799144790dc89364bf7294e4ae3caf9b7ffbaf47f67",
                "sha256:15b86359a40b1eacea06518ef47a45e9526570467540b73a36abb07e9cf116eb",
                "sha256:182878573c2bd6368a6916f6bcce2d557feeba77f874560053d2ad1dae945d33",
                "sha256:1c34443f07f89355284ef64c6be82d3f029865d933dcba8cb791c56c82080986",
                "sha256:2292652bd23a7113c076209b445fee7a7947d07189da949b4798117001239d25",
                "sha256:2725355a5aa3fec92586b21d461020319c2c7cc806b4f10a926be7c6d8e840f0",
                "sha256:2cc1a99676c27cd4e20c556b53a832ffc6824f6d80ce6117f1904044d894c196",
                "sha256:48396a4056708d25a87f52c0c32c3b0a34830942d1139756081c4a6736aba6f4",
                "sha256:48b72e6365ce22f4ba1f15c02ec654c563aefd243776614c92a680b14dadef34",
                "sha256:4f3db56158f7bc361c62fba3470b82975a5b7b452a1802bf6fbad7f78eee2665",
                "sha256:521814309c91d526b6b5c9517018aef2dd12bc3d86351037db69aa67730692b8",
                "sha256:71cced4d1a0b6dcb7000e4babe22ab9f11f88514682ad992ad0bcdf945e84788",
                "sha256:8e34bdd47fa67df3ce01eb7b0b11a48b41b1c190ee9c500236f75f583d8aea1e",
                "sha256:8e414c175092b6b07c64d77b9cc9c19beeddc3db7dd1813f423719ebcee56f2c",
                "sha256:963fcd2f0fcbdd4c07af4099354f2cf856d89ce625af4c1cbad26487b2d70e78",
                "sha256:a2405347c9a7a5fee89114499a1ef0466889d14c835491f47b9c2b37b936fee9",
                "sha256:a8ea209ea616b51bba759e885a353aa579e67e7516ebf8196f265f50919ce1a3",
                "sha256:b5626eef5843a93441fecc0d01b5e5e032e8226fc003d45a65dfff72c9672036",
                "sha256:c861d2a15f90c6198107dd28f6777f319348923ebcbf8eae012c41ba12697201",
                "sha256:d0fcf0b689f1e8b4c531f3b5116825237d4b6edd457e706965ca5180de17fe82",
                "sha256:d1d1212774a268cc14a91c5011eb254ec6a279177012a4e9cba0b71cd977e2c1",
                "sha256:d633e3eba21fe82dbac8e35788b5b70bbd1c4170c826247a9ef1c58dbf9b8b4b",
                "sha256:d7ac721511ae4c8fe2965418015596df9206d20cfc62d409ae0f0118502a61fd",
                "sha256:d8fe1d7c3c48bee6ba7423d45d80d726407147dcd17643500af106f8f15d8eec",
                "sha256:daaa4811e1f453af1663618683340f25e1d8debe7ae97dbb1dd4f8218d2f81ed",
                "sha256:e7fd6c3eb4b66ec93538efdba924d695f81cbded70d88caa20a9c343f4f2fb99",
                "sha256:fe1346cf9a990df9400c100f053c75a785084eae1e074bf36098cf8a2753827d"
            ],
            "version": "==8.0.3"
        },
        "cffi": {
            "hashes": [
                "sha256:005a36f41773e148deac64b08f233873a4d0c18b053d37da83f6af4d9087b813",
                "sha256:0857f0ae312d855239a55c81ef453ee8fd24136eaba8e87a2eceba644c0d4c06",
                "sha256:1071534bbbf8cbb31b498d5d9db0f274f2f7a865adca4ae429e147ba40f73dea",
                "sha256:158d0d15119b4b7ff6b926536763dc0714313aa59e320ddf787502c70c4d4bee",
                "sha256:1f436816fc868b098b0d63b8920de7d208c90a67212546d02f84fe78a9c26396",
                "sha256:2894f2df484ff56d717bead0a5c2abb6b9d2bf26d6960c4604d5c48bbc30ee73",
                "sha256:29314480e958fd8aab22e4a58b355b629c59bf5f2ac2492b61e3dc06d8c7a315",
                "sha256:34eff4b97f3d982fb93e2831e6750127d1355a923ebaeeb565407b3d2f8d41a1",
                "sha256:35f27e6eb43380fa080dccf676dece30bef72e4a67617ffda586641cd4508d49",
                "sha256:3d3dd4c9e559eb172ecf00a2a7517e97d1e96de2a5e610bd9b68cea3925b4892",
                "sha256:43e0b9d9e2c9e5d152946b9c5fe062c151614b262fda2e7b201204de0b99e482",
                "sha256:48e1c69bbacfc3d932221851b39d49e81567a4d4aac3b21258d9c24578280058",
                "sha256:51182f8927c5af975fece87b1b369f722c570fe169f9880764b1ee3bca8347b5",
                "sha256:58e3f59d583d413809d60779492342801d6e82fefb89c86a38e040c16883be53",
                "sha256:5de7970188bb46b7bf9858eb6890aad302577a5f6f75091fd7cdd3ef13ef3045",
                "sha256:65fa59693c62cf06e45ddbb822165394a288edce9e276647f0046e1ec26920f3",
                "sha256:69e395c24fc60aad6bb4fa7e583698ea6cc684648e1ffb7fe85e3c1ca131a7d5",
                "sha256:6c97d7350133666fbb5cf4abdc1178c812cb205dc6f41d174a7b0f18fb93337e",
                "sha256:6e4714cc64f474e4d6e37cfff31a814b509a35cb17de4fb1999907575684479c",
                "sha256:72d8d3ef52c208ee1c7b2e341f7d71c6fd3157138abf1a95166e6165dd5d4369",
                "sha256:8ae6299f6c68de06f136f1f9e69458eae58f1dacf10af5c17353eae03aa0d827",
                "sha256:8b198cec6c72df5289c05b05b8b0969819783f9418e0409865dac47288d2a053",
                "sha256:99cd03ae7988a93dd00bcd9d0b75e1f6c426063d6f03d2f90b89e29b25b82dfa",
                "sha256:9cf8022fb8d07a97c178b02327b284521c7708d7c71a9c9c355c178ac4bbd3d4",
                "sha256:9de2e279153a443c656f2defd67769e6d1e4163952b3c622dcea5b08a6405322",
                "sha256:9e93e79c2551ff263400e1e4be085a1210e12073a31c2011dbbda14bda0c6132",
                "sha256:9ff227395193126d82e60319a673a037d5de84633f11279e336f9c0f189ecc62",
                "sha256:a465da611f6fa124963b91bf432d960a555563efe4ed1cc403ba5077b15370aa",
                "sha256:ad17025d226ee5beec591b52800c11680fca3df50b8b29fe51d882576e039ee0",
                "sha256:afb29c1ba2e5a3736f1c301d9d0abe3ec8b86957d04ddfa9d7a6a42b9367e396",
                "sha256:b85eb46a81787c50650f2392b9b4ef23e1f126313b9e0e9013b35c15e4288e2e",
                "sha256:bb89f306e5da99f4d922728ddcd6f7fcebb3241fc40edebcb7284d7514741991",
                "sha256:cbde590d4faaa07c72bf979734738f328d239913ba3e043b1e98fe9a39f8b2b6",
                "sha256:cd2868886d547469123fadc46eac7ea5253ea7fcb139f12e1dfc2bbd406427d1",
                "sha256:d42b11d692e11b6634f7613ad8df5d6d5f8875f5d48939520d351007b3c13406",
                "sha256:f2d45f97ab6bb54753eab54fffe75aaf3de4ff2341c9daee1987ee1837636f1d",
                "sha256:fd78e5fee591709f32ef6edb9a015b4aa1a5022598e36227500c8f4e02328d9c"
            ],
            "version": "==1.14.5"
        },
        "chardet": {
            "hashes": [
                "sha256:84ab92ed1c4d4f16916e05906b6b75a6c0fb5db821cc65e70cbd64a3e2a5eaae",
                "sha256:fc323ffcaeaed0e0a02bf4d117757b98aed530d9ed4531e3e15460124c106691"
            ],
            "version": "==3.0.4"
        },
        "crc32c": {
            "hashes": [
                "sha256:0340b2e7bb84b172cda49f4225a0519ba6182f1d32dc9407db7722b612def3ca",
                "sha256:0971c5c88830cce293e5ae520eec15e5684e97fa944b97db48d83ddf26f48de1",
                "sha256:1335afa8c008902b9a62f4f946915a12ba55489cf0a88c79ff7a852fd01e3bf1",
                "sha256:145af9afe7b4251540c97683e64aa3789041f4d507b8a21f1e24efaded7034bc",
                "sha256:14fe935270b1fb6c474647c42f68e9389f6e3e56da218152e8a4a26f267f626e",
                "sha256:150aed5cca485f42446b74d6e894b0b7b605d691d07f60ab33978f5b4437b19b",
                "sha256:161bc716f199ac14b7d0dcc0ce4e7ceed5894162a1bc029b7009f5ab57f67156",
                "sha256:162e3dff47bd313b82f2553e49fbad371b12c315fc62ada48bac19623e1c2b0c",
                "sha256:186b32cedef12543b6e22bee9a19ff59f3952408d51844cbaa47490573fd3d91",
                "sha256:1b4b434d1ab650b46e9995fcff07349b0eefb61baf2d92b9cf0c579e5188267a",
                "sha256:1d381d509bffa7a06d998ac560d2212fd82b6425313f1001dc2e54cafdbfdf71",
                "sha256:1d90d4e3dae064715e5c730bdf69dbac0fd2d7b36b57c00381f920ecb0161854",
                "sha256:1dc03285b92fda24219c970ce4f6712a2e6b8021e39b9c5df6a288fed7f7d19a",
                "sha256:1fb8eb8f3ae14353eec59ca5740346bbda08f7b01f741f20a68301890ccc5580",
                "sha256:2643f63dc935260f017889010998cacb7d3a535b40164d688a428494396289b8",
                "sha256:414e767a851983a143b718a2dac0a53fdcefa4443737762914ba67deb4953db8",
                "sha256:47448165b0728f2ecd1cf42caee92d382c32753231a17f4b881f94e15394729f",
                "sha256:47a6ec123f0a736525f9949b8652ff2a415f38ab2c8ad86c4edb217f18f4b113",
                "sha256:49bd715b73f811a35973ad403701409fb9f0273b6f15a335bdd0561a3b93e664",
                "sha256:4aa8441d02985c93f9aae8aa3ad72d3c4b6524a3499338bbda92a6fe6f4e29da",
                "sha256:4aa8e5bce44fcf3486560a5576fe7fb8345ed1017cc660ae443d8347e15f9efb",
                "sha256:4c84dd684d7d69348bbe0e09d850b6418b7bf2bf64ab560ca113a9645aa4f3da",
                "sha256:51ee3a1aca37ac71ed8a2db7f254e9dd2c81b18788cdeb5f27c46c630d65942e",
                "sha256:51f991c4f63ba3cb055c4d735041e238a397c928c30d9444121f6c9e1b492cde",
                "sha256:531d031774d6e85301831fef434eb6ce8634f98646c34636aa3c93bb6a806a52",
                "sha256:582e99026273056f7d7a660b404681d404e546b9572d4d2da8acd980e56ab222",
                "sha256:587368f82a5b2d4151d084720395eaa43792448f6babe2bc6ab4c05826c78b50",
                "sha256:5a7c07503c39e88214fac8a7fdadebba97c42819b31e732997cce551b1147446",
                "sha256:5bfd2b54073b55dd9d1b9363a3c2dbcaaee673f1c1ca7ef46e5ca7074c777ce7",
                "sha256:5f5e488879b5016d19e09ce3821abef8531c8385bf5f81499ff9e78b5386ed1a",
                "sha256:61850f87faa088f0e52820d760ae0da5d700e84ebc6acf0937fb3536ab99571a",
                "sha256:71eb0cb3c648019d3d27cd843ed2c7ab2f75c57b47a1b3d8df67b2619249bda6",
                "sha256:781ef39d664a139f542c1964aeeae2e883bbd6b54098c7529e50a3ca3bd7fa8a",
                "sha256:80a8d41cac2caef82edf0edcc5433521c264692055e74ea284aa1558fd71ae1b",
                "sha256:85a2664f2ef34b0c4305e8d6d7f813032c5ceab23cb9f5aee0253f1785f67ba7",
                "sha256:9735e49fe8aec2d6e44e520d7bdce308f198678446fd19ee2b04aeb6473b8abd",
                "sha256:9a3b589f514386c22e39aaaabc5e667160f2a6337bc7206dd842cc40234c08b8",
                "sha256:9adcdce188d23fb9e046461a271b84f1ea177cd65fd87d7217bb309c33eabb2e",
                "sha256:9d6183be8f316a6e0d271e6b7bfec7c8e8a521ac14db38fbdfe26599e1c69e9e",
                "sha256:a50ad56567ee8af22b50abfa568526ac5f94f41b8336e69e9efae35b96baf769",
                "sha256:b8265afede8aeaf79cfffb6b315668cb6d4b6151cdc243f656e5149d2f534a5e",
                "sha256:b8382f3634610ec794f08e78b3ec8b54e46327d33cc913471bdd951e52884447",
                "sha256:c2586d8c44f4a4cc5875c01018fe0447a2d5032c00878d955f9c81d5216685a6",
                "sha256:cf7f9b79512553c4f7068b412c93978c7bb3eb83ef1f6340ada5289a8dd14620",
                "sha256:d19996c39fafcb54994a102d823aa0222e0de635cef527686b9cfd04c9aeb473",
                "sha256:d3cefc649901b53240af8e3d1957154206822240c4b95d10ed6a96af148a05be",
                "sha256:dac951b0e9ca4e33c978dfc318bc07df4f5acf45c72bcc462326411d284b153d",
                "sha256:e5b8134713db92d0d7f53cc6b415572ceac19ffb108fd57e304ccb179ec120b5",
                "sha256:e758995c390da5df1148588746e7fd7e318841f6b2259a8951ed7b0bbe82271a",
                "sha256:e9bc13221c1b8a06e136c7c6fc307054a5f86ac477803a5d6285368a5e1221aa",
                "sha256:ebaf2939b5dc46cc01065ff951c4c9da2bc08315f44972e5d0b3d743eb9f8cc4",
                "sha256:ec09ac42e92192cda944512e9a7ac3e4ac71dab92fe21d2c1de9064336ca15bc",
                "sha256:ef4afc420361bec4992c3643cd582299c5053a0c8c5d4d0bdc5a19c9fb2bd558",
                "sha256:f33fa5875797bd4342ca1c92e0dad0516f4e7b42fae85b6982aa9816b07dc039",
                "sha256:f453a8ab5915a675d10fc750f5176a190d83fe2e81d42784cfe0de3bd7c7adc0",
                "sha256:f55179d248021b62b2da7cebddea345c4b9b19890e109fdd64cdcdc6ffa542c5",
                "sha256:f570a1735af0afdffbd24ac062e82f652911a0cf2ba8ca4a9709bec66655d2c0",
                "sha256:f6b0b922446f502e88dbfda941dfb9a9ff9378b8677dc3e900de5a46a8e3eee8",
                "sha256:fe1714c521d8bd49637ecbca75920536c200735cbd192781cde8f16bf38d353a"
            ],
            "version": "==2.2"
        },
        "cryptography": {
            "hashes": [
                "sha256:0bf49d5b38e4f3745a0eab0597fa97720dd49b30d65f534b49a82e303f149deb",
                "sha256:18d6f3ac1da14a01c95f4590ee58e96aa6628d231ce738e9eca330b9997127b6",
                "sha256:4f6761a82b51fe02cda8f45af1c2f698a10f50003dc9c2572d8a49eda2e6d35b",
                "sha256:8b3b79af57e12aabbc3db81e563eaa07870293a1ffdcc891d107035ce9a0dbff",
                "sha256:9c6f7552d4f2130542d488b9d9e5b1546204b5d1aa90c823d50cce8eed421363",
                "sha256:b0873ac0c0e6bc6882cd285930cc382ec4e78786be71bdc113c06246eea61294",
                "sha256:c8dc9859c5a046e1ca22da360dfd609c09064a4f974881cb5cba977c581088ec"
            ],
            "markers": "python_version >= '3.6'",
            "version": "==3.4.5"
        },
        "dnspython": {
            "hashes": [
                "sha256:95d12f6ef0317118d2a1a6fc49aac65ffec7eb8087474158f42f26a639135216",
                "sha256:e4a87f0b573201a0f3727fa18a516b055fd1107e0e5477cded4a2de497df1dd4"
            ],
            "markers": "python_version >= '3.6'",
            "version": "==2.1.0"
        },
        "idna": {
            "hashes": [
                "sha256:5205d03e7bcbb919cc9c19885f9920d622ca52448306f2377daede5cf3faac16",
                "sha256:c5b02147e01ea9920e6b0a3f1f7bb833612d507592c837a6c49552768f4054e1"
            ],
            "markers": "python_version >= '3.4'",
            "version": "==3.1"
        },
        "multidict": {
            "hashes": [
                "sha256:018132dbd8688c7a69ad89c4a3f39ea2f9f33302ebe567a879da8f4ca73f0d0a",
                "sha256:051012ccee979b2b06be928a6150d237aec75dd6bf2d1eeeb190baf2b05abc93",
                "sha256:05c20b68e512166fddba59a918773ba002fdd77800cad9f55b59790030bab632",
                "sha256:07b42215124aedecc6083f1ce6b7e5ec5b50047afa701f3442054373a6deb656",
                "sha256:0e3c84e6c67eba89c2dbcee08504ba8644ab4284863452450520dad8f1e89b79",
                "sha256:0e929169f9c090dae0646a011c8b058e5e5fb391466016b39d21745b48817fd7",
                "sha256:1ab820665e67373de5802acae069a6a05567ae234ddb129f31d290fc3d1aa56d",
                "sha256:25b4e5f22d3a37ddf3effc0710ba692cfc792c2b9edfb9c05aefe823256e84d5",
                "sha256:2e68965192c4ea61fff1b81c14ff712fc7dc15d2bd120602e4a3494ea6584224",
                "sha256:2f1a132f1c88724674271d636e6b7351477c27722f2ed789f719f9e3545a3d26",
                "sha256:37e5438e1c78931df5d3c0c78ae049092877e5e9c02dd1ff5abb9cf27a5914ea",
                "sha256:3a041b76d13706b7fff23b9fc83117c7b8fe8d5fe9e6be45eee72b9baa75f348",
                "sha256:3a4f32116f8f72ecf2a29dabfb27b23ab7cdc0ba807e8459e59a93a9be9506f6",
                "sha256:46c73e09ad374a6d876c599f2328161bcd95e280f84d2060cf57991dec5cfe76",
                "sha256:46dd362c2f045095c920162e9307de5ffd0a1bfbba0a6e990b344366f55a30c1",
                "sha256:4b186eb7d6ae7c06eb4392411189469e6a820da81447f46c0072a41c748ab73f",
                "sha256:54fd1e83a184e19c598d5e70ba508196fd0bbdd676ce159feb412a4a6664f952",
                "sha256:585fd452dd7782130d112f7ddf3473ffdd521414674c33876187e101b588738a",
                "sha256:5cf3443199b83ed9e955f511b5b241fd3ae004e3cb81c58ec10f4fe47c7dce37",
                "sha256:6a4d5ce640e37b0efcc8441caeea8f43a06addace2335bd11151bc02d2ee31f9",
                "sha256:7df80d07818b385f3129180369079bd6934cf70469f99daaebfac89dca288359",
                "sha256:806068d4f86cb06af37cd65821554f98240a19ce646d3cd24e1c33587f313eb8",
                "sha256:830f57206cc96ed0ccf68304141fec9481a096c4d2e2831f311bde1c404401da",
                "sha256:929006d3c2d923788ba153ad0de8ed2e5ed39fdbe8e7be21e2f22ed06c6783d3",
                "sha256:9436dc58c123f07b230383083855593550c4d301d2532045a17ccf6eca505f6d",
                "sha256:9dd6e9b1a913d096ac95d0399bd737e00f2af1e1594a787e00f7975778c8b2bf",
                "sha256:ace010325c787c378afd7f7c1ac66b26313b3344628652eacd149bdd23c68841",
                "sha256:b47a43177a5e65b771b80db71e7be76c0ba23cc8aa73eeeb089ed5219cdbe27d",
                "sha256:b797515be8743b771aa868f83563f789bbd4b236659ba52243b735d80b29ed93",
                "sha256:b7993704f1a4b204e71debe6095150d43b2ee6150fa4f44d6d966ec356a8d61f",
                "sha256:d5c65bdf4484872c4af3150aeebe101ba560dcfb34488d9a8ff8dbcd21079647",
                "sha256:d81eddcb12d608cc08081fa88d046c78afb1bf8107e6feab5d43503fea74a635",
                "sha256:dc862056f76443a0db4509116c5cd480fe1b6a2d45512a653f9a855cc0517456",
                "sha256:ecc771ab628ea281517e24fd2c52e8f31c41e66652d07599ad8818abaad38cda",
                "sha256:f200755768dc19c6f4e2b672421e0ebb3dd54c38d5a4f262b872d8cfcc9e93b5",
                "sha256:f21756997ad8ef815d8ef3d34edd98804ab5ea337feedcd62fb52d22bf531281",
                "sha256:fc13a9524bc18b6fb6e0dbec3533ba0496bbed167c56d0aabefd965584557d80"
            ],
            "markers": "python_version >= '3.6'",
            "version": "==5.1.0"
        },
        "netifaces": {
            "hashes": [
                "sha256:078986caf4d6a602a4257d3686afe4544ea74362b8928e9f4389b5cd262bc215",
                "sha256:0c4304c6d5b33fbd9b20fdc369f3a2fef1a8bbacfb6fd05b9708db01333e9e7b",
                "sha256:2dee9ffdd16292878336a58d04a20f0ffe95555465fee7c9bd23b3490ef2abf3",
                "sha256:3095218b66d359092b82f07c5422293c2f6559cf8d36b96b379cc4cdc26eeffa",
                "sha256:30ed89ab8aff715caf9a9d827aa69cd02ad9f6b1896fd3fb4beb998466ed9a3c",
                "sha256:4921ed406386246b84465950d15a4f63480c1458b0979c272364054b29d73084",
                "sha256:563a1a366ee0fb3d96caab79b7ac7abd2c0a0577b157cc5a40301373a0501f89",
                "sha256:5b3167f923f67924b356c1338eb9ba275b2ba8d64c7c2c47cf5b5db49d574994",
                "sha256:6d84e50ec28e5d766c9911dce945412dc5b1ce760757c224c71e1a9759fa80c2",
                "sha256:755050799b5d5aedb1396046f270abfc4befca9ccba3074f3dbbb3cb34f13aae",
                "sha256:75d3a4ec5035db7478520ac547f7c176e9fd438269e795819b67223c486e5cbe",
                "sha256:7a25a8e28281504f0e23e181d7a9ed699c72f061ca6bdfcd96c423c2a89e75fc",
                "sha256:7cc6fd1eca65be588f001005446a47981cbe0b2909f5be8feafef3bf351a4e24",
                "sha256:86b8a140e891bb23c8b9cb1804f1475eb13eea3dbbebef01fcbbf10fbafbee42",
                "sha256:ad10acab2ef691eb29a1cc52c3be5ad1423700e993cc035066049fa72999d0dc",
                "sha256:b2ff3a0a4f991d2da5376efd3365064a43909877e9fabfa801df970771161d29",
                "sha256:b47e8f9ff6846756be3dc3fb242ca8e86752cd35a08e06d54ffc2e2a2aca70ea",
                "sha256:da298241d87bcf468aa0f0705ba14572ad296f24c4fda5055d6988701d6fd8e1",
                "sha256:db881478f1170c6dd524175ba1c83b99d3a6f992a35eca756de0ddc4690a1940",
                "sha256:f0427755c68571df37dc58835e53a4307884a48dec76f3c01e33eb0d4a3a81d7",
                "sha256:f8885cc48c8c7ad51f36c175e462840f163cb4687eeb6c6d7dfaf7197308e36b",
                "sha256:f911b7f0083d445c8d24cfa5b42ad4996e33250400492080f5018a28c026db2b"
            ],
            "version": "==0.10.9"
        },
        "pillow": {
            "hashes": [
                "sha256:165c88bc9d8dba670110c689e3cc5c71dbe4bfb984ffa7cbebf1fac9554071d6",
                "sha256:1d208e670abfeb41b6143537a681299ef86e92d2a3dac299d3cd6830d5c7bded",
                "sha256:22d070ca2e60c99929ef274cfced04294d2368193e935c5d6febfd8b601bf865",
                "sha256:2353834b2c49b95e1313fb34edf18fca4d57446675d05298bb694bca4b194174",
                "sha256:39725acf2d2e9c17356e6835dccebe7a697db55f25a09207e38b835d5e1bc032",
                "sha256:3de6b2ee4f78c6b3d89d184ade5d8fa68af0848f9b6b6da2b9ab7943ec46971a",
                "sha256:47c0d93ee9c8b181f353dbead6530b26980fe4f5485aa18be8f1fd3c3cbc685e",
                "sha256:5e2fe3bb2363b862671eba632537cd3a823847db4d98be95690b7e382f3d6378",
                "sha256:604815c55fd92e735f9738f65dabf4edc3e79f88541c221d292faec1904a4b17",
                "sha256:6c5275bd82711cd3dcd0af8ce0bb99113ae8911fc2952805f1d012de7d600a4c",
                "sha256:731ca5aabe9085160cf68b2dbef95fc1991015bc0a3a6ea46a371ab88f3d0913",
                "sha256:7612520e5e1a371d77e1d1ca3a3ee6227eef00d0a9cddb4ef7ecb0b7396eddf7",
                "sha256:7916cbc94f1c6b1301ac04510d0881b9e9feb20ae34094d3615a8a7c3db0dcc0",
                "sha256:81c3fa9a75d9f1afafdb916d5995633f319db09bd773cb56b8e39f1e98d90820",
                "sha256:887668e792b7edbfb1d3c9d8b5d8c859269a0f0eba4dda562adb95500f60dbba",
                "sha256:93a473b53cc6e0b3ce6bf51b1b95b7b1e7e6084be3a07e40f79b42e83503fbf2",
                "sha256:96d4dc103d1a0fa6d47c6c55a47de5f5dafd5ef0114fa10c85a1fd8e0216284b",
                "sha256:a3d3e086474ef12ef13d42e5f9b7bbf09d39cf6bd4940f982263d6954b13f6a9",
                "sha256:b02a0b9f332086657852b1f7cb380f6a42403a6d9c42a4c34a561aa4530d5234",
                "sha256:b09e10ec453de97f9a23a5aa5e30b334195e8d2ddd1ce76cc32e52ba63c8b31d",
                "sha256:b6f00ad5ebe846cc91763b1d0c6d30a8042e02b2316e27b05de04fa6ec831ec5",
                "sha256:bba80df38cfc17f490ec651c73bb37cd896bc2400cfba27d078c2135223c1206",
                "sha256:c3d911614b008e8a576b8e5303e3db29224b455d3d66d1b2848ba6ca83f9ece9",
                "sha256:ca20739e303254287138234485579b28cb0d524401f83d5129b5ff9d606cb0a8",
                "sha256:cb192176b477d49b0a327b2a5a4979552b7a58cd42037034316b8018ac3ebb59",
                "sha256:cdbbe7dff4a677fb555a54f9bc0450f2a21a93c5ba2b44e09e54fcb72d2bd13d",
                "sha256:cf6e33d92b1526190a1de904df21663c46a456758c0424e4f947ae9aa6088bf7",
                "sha256:d355502dce85ade85a2511b40b4c61a128902f246504f7de29bbeec1ae27933a",
                "sha256:d673c4990acd016229a5c1c4ee8a9e6d8f481b27ade5fc3d95938697fa443ce0",
                "sha256:dc577f4cfdda354db3ae37a572428a90ffdbe4e51eda7849bf442fb803f09c9b",
                "sha256:dd9eef866c70d2cbbea1ae58134eaffda0d4bfea403025f4db6859724b18ab3d",
                "sha256:f50e7a98b0453f39000619d845be8b06e611e56ee6e8186f7f60c3b1e2f0feae"
            ],
            "index": "pypi",
            "version": "==8.1.0"
        },
        "pycparser": {
            "hashes": [
                "sha256:2d475327684562c3a96cc71adf7dc8c4f0565175cf86b6d7a404ff4c771f15f0",
                "sha256:7582ad22678f0fcd81102833f60ef8d0e57288b6b5fb00323d101be910e35705"
            ],
            "markers": "python_version >= '2.7' and python_version not in '3.0, 3.1, 3.2, 3.3'",
            "version": "==2.20"
        },
        "pyee": {
            "hashes": [
                "sha256:383973b63ad7ed5e3c0311f8b179c52981f9e7b3eaea0e9a830d13ec34dde65f",
                "sha256:92dacc5bd2bdb8f95aa8dd2585d47ca1c4840e2adb95ccf90034d64f725bfd31"
            ],
            "version": "==8.1.0"
        },
        "pylibsrtp": {
            "hashes": [
                "sha256:17516c786d48ee50aa16caf7ddc3ae20ef2ab92d9eab218e17efec99e5a3d1bd",
                "sha256:1c8dfced91dcdd696da626e4c8d786fd3751b953a886a44c75d32555d0b3104b",
                "sha256:1d4857fe42878ed1cd814ab2d7ce97dc2a0b2080e8b99e44e1365c6967a07ae5",
                "sha256:2c5ec36f532b18fa6c4fd26b16f7b75342440b902093c03dc1de849b2c7934b6",
                "sha256:3f90a0a6fd8e072b2af4c901e7c2042ca7f20ff0f2dc12b3b46cadfee2ef443b",
                "sha256:407c361480bb38f3e462a568285021bdc69f2f1ce6dfcd9a6677b1c57e17e445",
                "sha256:471ce6004385a919415ebe2a6a2be61fee3bd0210c2fa2ecdb8a2e732aafa587",
                "sha256:558617b31af7b81b05c45e18b05adffc7587c442ffb82eed1baf922b17b2c40a",
                "sha256:55b2a78e1fbf1af307fcd2a68b55d2e66300555c79f882f6105d5ece30363961",
                "sha256:579a3b907e942cd5e995f3fd8782a915dc8585c1fa6569be2d97421f682077a6",
                "sha256:57bd8d47e3c51816594442669ea6645af7771f005e9797a0e28e25accd31cb12",
                "sha256:6059c3e845cf47dae13651d3d0be2b39963a276be5e7d8e7627875aa479e07e8",
                "sha256:6d726a687ec0f8c4ee3e59e31057349365cbb4656a3c447d2e62abef1b4d68c4",
                "sha256:74ecf013b3f418f87de88632f73dd5794977505619202df0ea7f980a51353584",
                "sha256:8d827a406673f5e079910e6aca1c90607c80a8b072d686d9118ddb2aff174f27",
                "sha256:9240ce3c9fd40c2c7895818f0673b4defc9f67102160c2f3dd2c137356e18745",
                "sha256:9af0eb98f820e545a351fc43311172bc79e79b9c99e464ef8b2d109e8b730ce4",
                "sha256:9c0be6c09867fd6ce1ae0844b84df019f0f6055d0c9a6f9d0f06a6ce7f6b98ab",
                "sha256:a2c9660fc3a2d84c747d74cb3e6b4bb68a8e66deeb9642173942e0684f4dca50",
                "sha256:a99ab54b7d13503a5ff9edb31add3f8b0be2379ab23e77ce41e4cba4b7a70e61",
                "sha256:ace74d84eceb870f2e61149a84eca6bc350672f5a315468d450658b48923cef2",
                "sha256:b2a9f51bef727624c7ebef59e82d72cb7c5e0b987d0f2656e50c5026a41e769f",
                "sha256:b773c1e5d4ac908d28a17362f92735be60bc8db172e323b15cb7129360547817",
                "sha256:beeefe978dbec38bf087cb8005df1f3f05d013181f42587bf60faab87610550c",
                "sha256:c0661fa2de8a7e47cb23c1542bd6ddad66b9892ce428594645fd4919d0bbeef5",
                "sha256:c479fa4ae863e85ec677653615147339beb8e073923720bc56c833f17291b386",
                "sha256:e4f4361a42b1be688034ad284d3665a93bc2e1734d75c6151f8a75f7bdeb07c2",
                "sha256:e8676a1cdc11f402bfa3c8c5cbddb8849a4d2ca82ea081ed3994ce7a3da2d15c",
                "sha256:eda9b8af35e20f279f9258cef1056d8a68ea02403f8d2590776ccb116bceaeb4",
                "sha256:fbaf7871745a8c9f192d1866a6e4a330b5feb343218497c283f70c84ff20af44"
            ],
            "version": "==0.6.8"
        },
        "typing-extensions": {
            "hashes": [
                "sha256:7cb407020f00f7bfc3cb3e7881628838e69d8f3fcab2f64742a5e76b2f841918",
                "sha256:99d4073b617d30288f569d3f13d2bd7548c3a7e4c8de87db09a9d29bb3a4a60c",
                "sha256:dafc7639cde7f1b6e1acc0f457842a83e722ccca8eef5270af2d74792619a89f"
            ],
            "version": "==3.7.4.3"
        },
        "yarl": {
            "hashes": [
                "sha256:00d7ad91b6583602eb9c1d085a2cf281ada267e9a197e8b7cae487dadbfa293e",
                "sha256:0355a701b3998dcd832d0dc47cc5dedf3874f966ac7f870e0f3a6788d802d434",
                "sha256:15263c3b0b47968c1d90daa89f21fcc889bb4b1aac5555580d74565de6836366",
                "sha256:2ce4c621d21326a4a5500c25031e102af589edb50c09b321049e388b3934eec3",
                "sha256:31ede6e8c4329fb81c86706ba8f6bf661a924b53ba191b27aa5fcee5714d18ec",
                "sha256:324ba3d3c6fee56e2e0b0d09bf5c73824b9f08234339d2b788af65e60040c959",
                "sha256:329412812ecfc94a57cd37c9d547579510a9e83c516bc069470db5f75684629e",
                "sha256:4736eaee5626db8d9cda9eb5282028cc834e2aeb194e0d8b50217d707e98bb5c",
                "sha256:4953fb0b4fdb7e08b2f3b3be80a00d28c5c8a2056bb066169de00e6501b986b6",
                "sha256:4c5bcfc3ed226bf6419f7a33982fb4b8ec2e45785a0561eb99274ebbf09fdd6a",
                "sha256:547f7665ad50fa8563150ed079f8e805e63dd85def6674c97efd78eed6c224a6",
                "sha256:5b883e458058f8d6099e4420f0cc2567989032b5f34b271c0827de9f1079a424",
                "sha256:63f90b20ca654b3ecc7a8d62c03ffa46999595f0167d6450fa8383bab252987e",
                "sha256:68dc568889b1c13f1e4745c96b931cc94fdd0defe92a72c2b8ce01091b22e35f",
                "sha256:69ee97c71fee1f63d04c945f56d5d726483c4762845400a6795a3b75d56b6c50",
                "sha256:6d6283d8e0631b617edf0fd726353cb76630b83a089a40933043894e7f6721e2",
                "sha256:72a660bdd24497e3e84f5519e57a9ee9220b6f3ac4d45056961bf22838ce20cc",
                "sha256:73494d5b71099ae8cb8754f1df131c11d433b387efab7b51849e7e1e851f07a4",
                "sha256:7356644cbed76119d0b6bd32ffba704d30d747e0c217109d7979a7bc36c4d970",
                "sha256:8a9066529240171b68893d60dca86a763eae2139dd42f42106b03cf4b426bf10",
                "sha256:8aa3decd5e0e852dc68335abf5478a518b41bf2ab2f330fe44916399efedfae0",
                "sha256:97b5bdc450d63c3ba30a127d018b866ea94e65655efaf889ebeabc20f7d12406",
                "sha256:9ede61b0854e267fd565e7527e2f2eb3ef8858b301319be0604177690e1a3896",
                "sha256:b2e9a456c121e26d13c29251f8267541bd75e6a1ccf9e859179701c36a078643",
                "sha256:b5dfc9a40c198334f4f3f55880ecf910adebdcb2a0b9a9c23c9345faa9185721",
                "sha256:bafb450deef6861815ed579c7a6113a879a6ef58aed4c3a4be54400ae8871478",
                "sha256:c49ff66d479d38ab863c50f7bb27dee97c6627c5fe60697de15529da9c3de724",
                "sha256:ce3beb46a72d9f2190f9e1027886bfc513702d748047b548b05dab7dfb584d2e",
                "sha256:d26608cf178efb8faa5ff0f2d2e77c208f471c5a3709e577a7b3fd0445703ac8",
                "sha256:d597767fcd2c3dc49d6eea360c458b65643d1e4dbed91361cf5e36e53c1f8c96",
                "sha256:d5c32c82990e4ac4d8150fd7652b972216b204de4e83a122546dce571c1bdf25",
                "sha256:d8d07d102f17b68966e2de0e07bfd6e139c7c02ef06d3a0f8d2f0f055e13bb76",
                "sha256:e46fba844f4895b36f4c398c5af062a9808d1f26b2999c58909517384d5deda2",
                "sha256:e6b5460dc5ad42ad2b36cca524491dfcaffbfd9c8df50508bddc354e787b8dc2",
                "sha256:f040bcc6725c821a4c0665f3aa96a4d0805a7aaf2caf266d256b8ed71b9f041c",
                "sha256:f0b059678fd549c66b89bed03efcabb009075bd131c248ecdf087bdb6faba24a",
                "sha256:fcbb48a93e8699eae920f8d92f7160c03567b421bc17362a9ffbbd706a816f71"
            ],
            "markers": "python_version >= '3.6'",
            "version": "==1.6.3"
        }
    },
    "develop": {}
}
